// !$*UTF8*$!
{
	archiveVersion = 1;
	classes = {
	};
	objectVersion = 51;
	objects = {

/* Begin PBXBuildFile section */
		30715DE6248EEB6F006D2D53 /* OrgDetailView.swift in Sources */ = {isa = PBXBuildFile; fileRef = 30715DE5248EEB6F006D2D53 /* OrgDetailView.swift */; };
		3076108B2490352000C6F41D /* Organisation.swift in Sources */ = {isa = PBXBuildFile; fileRef = 3076108A2490352000C6F41D /* Organisation.swift */; };
		308B89AC248D8E0E00DF34FD /* AppDelegate.swift in Sources */ = {isa = PBXBuildFile; fileRef = 308B89AB248D8E0E00DF34FD /* AppDelegate.swift */; };
		308B89AE248D8E0E00DF34FD /* SceneDelegate.swift in Sources */ = {isa = PBXBuildFile; fileRef = 308B89AD248D8E0E00DF34FD /* SceneDelegate.swift */; };
		308B89B0248D8E0E00DF34FD /* ContentView.swift in Sources */ = {isa = PBXBuildFile; fileRef = 308B89AF248D8E0E00DF34FD /* ContentView.swift */; };
		308B89B2248D8E1000DF34FD /* Assets.xcassets in Resources */ = {isa = PBXBuildFile; fileRef = 308B89B1248D8E1000DF34FD /* Assets.xcassets */; };
		308B89B5248D8E1000DF34FD /* Preview Assets.xcassets in Resources */ = {isa = PBXBuildFile; fileRef = 308B89B4248D8E1000DF34FD /* Preview Assets.xcassets */; };
		308B89B8248D8E1000DF34FD /* LaunchScreen.storyboard in Resources */ = {isa = PBXBuildFile; fileRef = 308B89B6248D8E1000DF34FD /* LaunchScreen.storyboard */; };
		308B89C0248D929300DF34FD /* OrganisationsView.swift in Sources */ = {isa = PBXBuildFile; fileRef = 308B89BF248D929300DF34FD /* OrganisationsView.swift */; };
		308B89C2248D92E400DF34FD /* AboutView.swift in Sources */ = {isa = PBXBuildFile; fileRef = 308B89C1248D92E400DF34FD /* AboutView.swift */; };
		308B89C6248D93E900DF34FD /* ResourcesView.swift in Sources */ = {isa = PBXBuildFile; fileRef = 308B89C5248D93E900DF34FD /* ResourcesView.swift */; };
		30C442222493389600906B02 /* orginfo.json in Resources */ = {isa = PBXBuildFile; fileRef = 308B89C7248DBB3E00DF34FD /* orginfo.json */; };
		5767FCDBBB6ED49161587D07 /* Pods_Pronto.framework in Frameworks */ = {isa = PBXBuildFile; fileRef = 1792E10C0390E7ED5A495325 /* Pods_Pronto.framework */; };
		BF1C5D2224CB8D30007B34BA /* ImageCarouselView.swift in Sources */ = {isa = PBXBuildFile; fileRef = BF1C5D2124CB8D30007B34BA /* ImageCarouselView.swift */; };
		BF1C5D2424CBDAE8007B34BA /* ZoesView.swift in Sources */ = {isa = PBXBuildFile; fileRef = BF1C5D2324CBDAE8007B34BA /* ZoesView.swift */; };
		BF55F9DE249965D5007478FD /* LegalView.swift in Sources */ = {isa = PBXBuildFile; fileRef = BF55F9DD249965D5007478FD /* LegalView.swift */; };
		BF55F9E224996F0D007478FD /* LegalInfo.swift in Sources */ = {isa = PBXBuildFile; fileRef = BF55F9E124996F0D007478FD /* LegalInfo.swift */; };
		BF5B58B22539333100A77374 /* FreindFinderMapView.swift in Sources */ = {isa = PBXBuildFile; fileRef = BF5B58B12539333100A77374 /* FreindFinderMapView.swift */; };
		BF5B58C32539346F00A77374 /* MapView.swift in Sources */ = {isa = PBXBuildFile; fileRef = BF5B58BE2539346F00A77374 /* MapView.swift */; };
		BF5B58C42539346F00A77374 /* LandmarkAnnotation.swift in Sources */ = {isa = PBXBuildFile; fileRef = BF5B58C02539346F00A77374 /* LandmarkAnnotation.swift */; };
		BF5B58C52539346F00A77374 /* MapViewCoordinator.swift in Sources */ = {isa = PBXBuildFile; fileRef = BF5B58C22539346F00A77374 /* MapViewCoordinator.swift */; };
		BF824940254A5B81000E71C7 /* BailLegalMenuView.swift in Sources */ = {isa = PBXBuildFile; fileRef = BF82493F254A5B81000E71C7 /* BailLegalMenuView.swift */; };
		BF824943254A5BF4000E71C7 /* BailListView.swift in Sources */ = {isa = PBXBuildFile; fileRef = BF824942254A5BF4000E71C7 /* BailListView.swift */; };
		BF824946254A61AE000E71C7 /* LegalListView.swift in Sources */ = {isa = PBXBuildFile; fileRef = BF824945254A61AE000E71C7 /* LegalListView.swift */; };
		BF824949254A61BF000E71C7 /* BailLegalDetailView.swift in Sources */ = {isa = PBXBuildFile; fileRef = BF824948254A61BF000E71C7 /* BailLegalDetailView.swift */; };
		BF82494C254A6327000E71C7 /* FreindFinderView.swift in Sources */ = {isa = PBXBuildFile; fileRef = BF82494B254A6327000E71C7 /* FreindFinderView.swift */; };
		BF824954254A6AAD000E71C7 /* baillegal.json in Resources */ = {isa = PBXBuildFile; fileRef = BF824953254A6AAD000E71C7 /* baillegal.json */; };
		BF824957254A6B28000E71C7 /* BailLegal.swift in Sources */ = {isa = PBXBuildFile; fileRef = BF824956254A6B28000E71C7 /* BailLegal.swift */; };
		BF82495F254A93E8000E71C7 /* ChangeCityView.swift in Sources */ = {isa = PBXBuildFile; fileRef = BF82495E254A93E8000E71C7 /* ChangeCityView.swift */; };
		BF866739254B6CC600CEBDC2 /* PrecinctAnnotation.swift in Sources */ = {isa = PBXBuildFile; fileRef = BF866738254B6CC600CEBDC2 /* PrecinctAnnotation.swift */; };
		BF86673D254B6D3400CEBDC2 /* precincts.json in Resources */ = {isa = PBXBuildFile; fileRef = BF86673C254B6D3400CEBDC2 /* precincts.json */; };
		BF9FFD7A249807B400430950 /* BantoDemo-ExtraBold.otf in Resources */ = {isa = PBXBuildFile; fileRef = BF9FFD74249807B300430950 /* BantoDemo-ExtraBold.otf */; };
		BF9FFD7B249807B400430950 /* BantoDemo-ExtraLight.otf in Resources */ = {isa = PBXBuildFile; fileRef = BF9FFD75249807B300430950 /* BantoDemo-ExtraLight.otf */; };
		BF9FFD7C249807B400430950 /* BantoDemo-Light.otf in Resources */ = {isa = PBXBuildFile; fileRef = BF9FFD76249807B300430950 /* BantoDemo-Light.otf */; };
		BF9FFD7D249807B400430950 /* BantoDemo-Bold.otf in Resources */ = {isa = PBXBuildFile; fileRef = BF9FFD77249807B300430950 /* BantoDemo-Bold.otf */; };
		BF9FFD7E249807B400430950 /* BantoDemo-Regular.otf in Resources */ = {isa = PBXBuildFile; fileRef = BF9FFD78249807B300430950 /* BantoDemo-Regular.otf */; };
		BF9FFD7F249807B400430950 /* BantoDemo-Medium.otf in Resources */ = {isa = PBXBuildFile; fileRef = BF9FFD79249807B300430950 /* BantoDemo-Medium.otf */; };
		BF9FFD8524986AC500430950 /* SafetyView.swift in Sources */ = {isa = PBXBuildFile; fileRef = BF9FFD8424986AC500430950 /* SafetyView.swift */; };
		BF9FFD8824986CE700430950 /* Constants.swift in Sources */ = {isa = PBXBuildFile; fileRef = BF9FFD8724986CE700430950 /* Constants.swift */; };
		BFCC7308254792B70081F157 /* HomeView.swift in Sources */ = {isa = PBXBuildFile; fileRef = BFCC7307254792B70081F157 /* HomeView.swift */; };
		BFD633CC254643A000EF904D /* SideBarView.swift in Sources */ = {isa = PBXBuildFile; fileRef = BFD633CB254643A000EF904D /* SideBarView.swift */; };
		BFD633D52546451000EF904D /* MenuView.swift in Sources */ = {isa = PBXBuildFile; fileRef = BFD633D42546451000EF904D /* MenuView.swift */; };
		BFD978F1255F6F68009F9D6B /* NoCityView.swift in Sources */ = {isa = PBXBuildFile; fileRef = BFD978F0255F6F68009F9D6B /* NoCityView.swift */; };
		BFD978F4255F715A009F9D6B /* CallGuideView.swift in Sources */ = {isa = PBXBuildFile; fileRef = BFD978F3255F715A009F9D6B /* CallGuideView.swift */; };
		ED8592E6254947AC00E13FF9 /* ZoeDocumentView.swift in Sources */ = {isa = PBXBuildFile; fileRef = ED8592E5254947AC00E13FF9 /* ZoeDocumentView.swift */; };
		EDBC48382547D4930095678D /* GoogleService-Info.plist in Resources */ = {isa = PBXBuildFile; fileRef = EDBC48372547D4930095678D /* GoogleService-Info.plist */; };
/* End PBXBuildFile section */

/* Begin PBXFileReference section */
		170B422E44157C789A49FB62 /* Pods-Pronto.debug.xcconfig */ = {isa = PBXFileReference; includeInIndex = 1; lastKnownFileType = text.xcconfig; name = "Pods-Pronto.debug.xcconfig"; path = "Target Support Files/Pods-Pronto/Pods-Pronto.debug.xcconfig"; sourceTree = "<group>"; };
		1792E10C0390E7ED5A495325 /* Pods_Pronto.framework */ = {isa = PBXFileReference; explicitFileType = wrapper.framework; includeInIndex = 0; path = Pods_Pronto.framework; sourceTree = BUILT_PRODUCTS_DIR; };
		30715DE5248EEB6F006D2D53 /* OrgDetailView.swift */ = {isa = PBXFileReference; lastKnownFileType = sourcecode.swift; path = OrgDetailView.swift; sourceTree = "<group>"; };
		3076108A2490352000C6F41D /* Organisation.swift */ = {isa = PBXFileReference; lastKnownFileType = sourcecode.swift; path = Organisation.swift; sourceTree = "<group>"; };
		308B89A8248D8E0E00DF34FD /* Pronto! - Community.app */ = {isa = PBXFileReference; explicitFileType = wrapper.application; includeInIndex = 0; path = "Pronto! - Community.app"; sourceTree = BUILT_PRODUCTS_DIR; };
		308B89AB248D8E0E00DF34FD /* AppDelegate.swift */ = {isa = PBXFileReference; lastKnownFileType = sourcecode.swift; path = AppDelegate.swift; sourceTree = "<group>"; };
		308B89AD248D8E0E00DF34FD /* SceneDelegate.swift */ = {isa = PBXFileReference; lastKnownFileType = sourcecode.swift; path = SceneDelegate.swift; sourceTree = "<group>"; };
		308B89AF248D8E0E00DF34FD /* ContentView.swift */ = {isa = PBXFileReference; lastKnownFileType = sourcecode.swift; path = ContentView.swift; sourceTree = "<group>"; };
		308B89B1248D8E1000DF34FD /* Assets.xcassets */ = {isa = PBXFileReference; lastKnownFileType = folder.assetcatalog; path = Assets.xcassets; sourceTree = "<group>"; };
		308B89B4248D8E1000DF34FD /* Preview Assets.xcassets */ = {isa = PBXFileReference; lastKnownFileType = folder.assetcatalog; path = "Preview Assets.xcassets"; sourceTree = "<group>"; };
		308B89B7248D8E1000DF34FD /* Base */ = {isa = PBXFileReference; lastKnownFileType = file.storyboard; name = Base; path = Base.lproj/LaunchScreen.storyboard; sourceTree = "<group>"; };
		308B89B9248D8E1000DF34FD /* Info.plist */ = {isa = PBXFileReference; lastKnownFileType = text.plist.xml; path = Info.plist; sourceTree = "<group>"; };
		308B89BF248D929300DF34FD /* OrganisationsView.swift */ = {isa = PBXFileReference; lastKnownFileType = sourcecode.swift; name = OrganisationsView.swift; path = blm/Organisations/OrganisationsView.swift; sourceTree = SOURCE_ROOT; };
		308B89C1248D92E400DF34FD /* AboutView.swift */ = {isa = PBXFileReference; lastKnownFileType = sourcecode.swift; path = AboutView.swift; sourceTree = "<group>"; };
		308B89C5248D93E900DF34FD /* ResourcesView.swift */ = {isa = PBXFileReference; lastKnownFileType = sourcecode.swift; path = ResourcesView.swift; sourceTree = "<group>"; };
		308B89C7248DBB3E00DF34FD /* orginfo.json */ = {isa = PBXFileReference; lastKnownFileType = text.json; path = orginfo.json; sourceTree = "<group>"; };
		49A68B7909AAFA48E3A395AD /* Pods-Pronto.release.xcconfig */ = {isa = PBXFileReference; includeInIndex = 1; lastKnownFileType = text.xcconfig; name = "Pods-Pronto.release.xcconfig"; path = "Target Support Files/Pods-Pronto/Pods-Pronto.release.xcconfig"; sourceTree = "<group>"; };
		BF1C5D2124CB8D30007B34BA /* ImageCarouselView.swift */ = {isa = PBXFileReference; lastKnownFileType = sourcecode.swift; path = ImageCarouselView.swift; sourceTree = "<group>"; };
		BF1C5D2324CBDAE8007B34BA /* ZoesView.swift */ = {isa = PBXFileReference; lastKnownFileType = sourcecode.swift; path = ZoesView.swift; sourceTree = "<group>"; };
		BF55F9DD249965D5007478FD /* LegalView.swift */ = {isa = PBXFileReference; lastKnownFileType = sourcecode.swift; path = LegalView.swift; sourceTree = "<group>"; };
		BF55F9E124996F0D007478FD /* LegalInfo.swift */ = {isa = PBXFileReference; lastKnownFileType = sourcecode.swift; path = LegalInfo.swift; sourceTree = "<group>"; };
		BF5B58B12539333100A77374 /* FreindFinderMapView.swift */ = {isa = PBXFileReference; lastKnownFileType = sourcecode.swift; path = FreindFinderMapView.swift; sourceTree = "<group>"; };
		BF5B58BE2539346F00A77374 /* MapView.swift */ = {isa = PBXFileReference; fileEncoding = 4; lastKnownFileType = sourcecode.swift; path = MapView.swift; sourceTree = "<group>"; };
		BF5B58C02539346F00A77374 /* LandmarkAnnotation.swift */ = {isa = PBXFileReference; fileEncoding = 4; lastKnownFileType = sourcecode.swift; path = LandmarkAnnotation.swift; sourceTree = "<group>"; };
		BF5B58C22539346F00A77374 /* MapViewCoordinator.swift */ = {isa = PBXFileReference; fileEncoding = 4; lastKnownFileType = sourcecode.swift; path = MapViewCoordinator.swift; sourceTree = "<group>"; };
		BF82493F254A5B81000E71C7 /* BailLegalMenuView.swift */ = {isa = PBXFileReference; lastKnownFileType = sourcecode.swift; path = BailLegalMenuView.swift; sourceTree = "<group>"; };
		BF824942254A5BF4000E71C7 /* BailListView.swift */ = {isa = PBXFileReference; lastKnownFileType = sourcecode.swift; path = BailListView.swift; sourceTree = "<group>"; };
		BF824945254A61AE000E71C7 /* LegalListView.swift */ = {isa = PBXFileReference; lastKnownFileType = sourcecode.swift; path = LegalListView.swift; sourceTree = "<group>"; };
		BF824948254A61BF000E71C7 /* BailLegalDetailView.swift */ = {isa = PBXFileReference; lastKnownFileType = sourcecode.swift; path = BailLegalDetailView.swift; sourceTree = "<group>"; };
		BF82494B254A6327000E71C7 /* FreindFinderView.swift */ = {isa = PBXFileReference; lastKnownFileType = sourcecode.swift; path = FreindFinderView.swift; sourceTree = "<group>"; };
		BF824953254A6AAD000E71C7 /* baillegal.json */ = {isa = PBXFileReference; lastKnownFileType = text.json; path = baillegal.json; sourceTree = "<group>"; };
		BF824956254A6B28000E71C7 /* BailLegal.swift */ = {isa = PBXFileReference; lastKnownFileType = sourcecode.swift; path = BailLegal.swift; sourceTree = "<group>"; };
		BF82495E254A93E8000E71C7 /* ChangeCityView.swift */ = {isa = PBXFileReference; lastKnownFileType = sourcecode.swift; path = ChangeCityView.swift; sourceTree = "<group>"; };
		BF866738254B6CC600CEBDC2 /* PrecinctAnnotation.swift */ = {isa = PBXFileReference; lastKnownFileType = sourcecode.swift; path = PrecinctAnnotation.swift; sourceTree = "<group>"; };
		BF86673C254B6D3400CEBDC2 /* precincts.json */ = {isa = PBXFileReference; lastKnownFileType = text.json; path = precincts.json; sourceTree = "<group>"; };
		BF9FFD74249807B300430950 /* BantoDemo-ExtraBold.otf */ = {isa = PBXFileReference; lastKnownFileType = file; path = "BantoDemo-ExtraBold.otf"; sourceTree = "<group>"; };
		BF9FFD75249807B300430950 /* BantoDemo-ExtraLight.otf */ = {isa = PBXFileReference; lastKnownFileType = file; path = "BantoDemo-ExtraLight.otf"; sourceTree = "<group>"; };
		BF9FFD76249807B300430950 /* BantoDemo-Light.otf */ = {isa = PBXFileReference; lastKnownFileType = file; path = "BantoDemo-Light.otf"; sourceTree = "<group>"; };
		BF9FFD77249807B300430950 /* BantoDemo-Bold.otf */ = {isa = PBXFileReference; lastKnownFileType = file; path = "BantoDemo-Bold.otf"; sourceTree = "<group>"; };
		BF9FFD78249807B300430950 /* BantoDemo-Regular.otf */ = {isa = PBXFileReference; lastKnownFileType = file; path = "BantoDemo-Regular.otf"; sourceTree = "<group>"; };
		BF9FFD79249807B300430950 /* BantoDemo-Medium.otf */ = {isa = PBXFileReference; lastKnownFileType = file; path = "BantoDemo-Medium.otf"; sourceTree = "<group>"; };
		BF9FFD8424986AC500430950 /* SafetyView.swift */ = {isa = PBXFileReference; lastKnownFileType = sourcecode.swift; path = SafetyView.swift; sourceTree = "<group>"; };
		BF9FFD8724986CE700430950 /* Constants.swift */ = {isa = PBXFileReference; lastKnownFileType = sourcecode.swift; path = Constants.swift; sourceTree = "<group>"; };
		BFCC7307254792B70081F157 /* HomeView.swift */ = {isa = PBXFileReference; lastKnownFileType = sourcecode.swift; path = HomeView.swift; sourceTree = "<group>"; };
		BFD633CB254643A000EF904D /* SideBarView.swift */ = {isa = PBXFileReference; lastKnownFileType = sourcecode.swift; path = SideBarView.swift; sourceTree = "<group>"; };
		BFD633D42546451000EF904D /* MenuView.swift */ = {isa = PBXFileReference; lastKnownFileType = sourcecode.swift; path = MenuView.swift; sourceTree = "<group>"; };
		BFD978F0255F6F68009F9D6B /* NoCityView.swift */ = {isa = PBXFileReference; lastKnownFileType = sourcecode.swift; path = NoCityView.swift; sourceTree = "<group>"; };
		BFD978F3255F715A009F9D6B /* CallGuideView.swift */ = {isa = PBXFileReference; lastKnownFileType = sourcecode.swift; path = CallGuideView.swift; sourceTree = "<group>"; };
		ED46DA7C2547E7E700F7A2BB /* Pronto! - Community.entitlements */ = {isa = PBXFileReference; lastKnownFileType = text.plist.entitlements; path = "Pronto! - Community.entitlements"; sourceTree = "<group>"; };
		ED8592E5254947AC00E13FF9 /* ZoeDocumentView.swift */ = {isa = PBXFileReference; lastKnownFileType = sourcecode.swift; path = ZoeDocumentView.swift; sourceTree = "<group>"; };
		EDBC48372547D4930095678D /* GoogleService-Info.plist */ = {isa = PBXFileReference; fileEncoding = 4; lastKnownFileType = text.plist.xml; path = "GoogleService-Info.plist"; sourceTree = "<group>"; };
/* End PBXFileReference section */

/* Begin PBXFrameworksBuildPhase section */
		308B89A5248D8E0E00DF34FD /* Frameworks */ = {
			isa = PBXFrameworksBuildPhase;
			buildActionMask = 2147483647;
			files = (
				5767FCDBBB6ED49161587D07 /* Pods_Pronto.framework in Frameworks */,
			);
			runOnlyForDeploymentPostprocessing = 0;
		};
/* End PBXFrameworksBuildPhase section */

/* Begin PBXGroup section */
		308B899F248D8E0E00DF34FD = {
			isa = PBXGroup;
			children = (
				ED46DA7C2547E7E700F7A2BB /* Pronto! - Community.entitlements */,
				308B89AA248D8E0E00DF34FD /* blm */,
				308B89A9248D8E0E00DF34FD /* Products */,
				805AD1A061A74EF14B7A2E6D /* Pods */,
				DC0CEA62ADA5A498D0899842 /* Frameworks */,
			);
			sourceTree = "<group>";
		};
		308B89A9248D8E0E00DF34FD /* Products */ = {
			isa = PBXGroup;
			children = (
				308B89A8248D8E0E00DF34FD /* Pronto! - Community.app */,
			);
			name = Products;
			sourceTree = "<group>";
		};
		308B89AA248D8E0E00DF34FD /* blm */ = {
			isa = PBXGroup;
			children = (
				BF824952254A65B6000E71C7 /* Resources */,
				BF824951254A659E000E71C7 /* Bail Legal */,
				BF82494E254A64C7000E71C7 /* Organisations */,
				BF5B58B42539344300A77374 /* Freind Finder */,
				EDBC48372547D4930095678D /* GoogleService-Info.plist */,
				308B89AB248D8E0E00DF34FD /* AppDelegate.swift */,
				308B89AD248D8E0E00DF34FD /* SceneDelegate.swift */,
				308B89AF248D8E0E00DF34FD /* ContentView.swift */,
				308B89B1248D8E1000DF34FD /* Assets.xcassets */,
				308B89B6248D8E1000DF34FD /* LaunchScreen.storyboard */,
				308B89B9248D8E1000DF34FD /* Info.plist */,
				308B89B3248D8E1000DF34FD /* Preview Content */,
				308B89C1248D92E400DF34FD /* AboutView.swift */,
				BF9FFD8624986B8000430950 /* Fonts */,
				BF9FFD8724986CE700430950 /* Constants.swift */,
				BF55F9DD249965D5007478FD /* LegalView.swift */,
				BF55F9E124996F0D007478FD /* LegalInfo.swift */,
				BFD633CB254643A000EF904D /* SideBarView.swift */,
				BFD633D42546451000EF904D /* MenuView.swift */,
				BF82495E254A93E8000E71C7 /* ChangeCityView.swift */,
				BFCC7307254792B70081F157 /* HomeView.swift */,
			);
			path = blm;
			sourceTree = "<group>";
		};
		308B89B3248D8E1000DF34FD /* Preview Content */ = {
			isa = PBXGroup;
			children = (
				308B89B4248D8E1000DF34FD /* Preview Assets.xcassets */,
			);
			path = "Preview Content";
			sourceTree = "<group>";
		};
		805AD1A061A74EF14B7A2E6D /* Pods */ = {
			isa = PBXGroup;
			children = (
				170B422E44157C789A49FB62 /* Pods-Pronto.debug.xcconfig */,
				49A68B7909AAFA48E3A395AD /* Pods-Pronto.release.xcconfig */,
			);
			path = Pods;
			sourceTree = "<group>";
		};
		BF5B58B42539344300A77374 /* Freind Finder */ = {
			isa = PBXGroup;
			children = (
				BF5B58B12539333100A77374 /* FreindFinderMapView.swift */,
				BF82494B254A6327000E71C7 /* FreindFinderView.swift */,
				BF5B58C02539346F00A77374 /* LandmarkAnnotation.swift */,
				BF5B58BE2539346F00A77374 /* MapView.swift */,
				BF5B58C22539346F00A77374 /* MapViewCoordinator.swift */,
				BF866738254B6CC600CEBDC2 /* PrecinctAnnotation.swift */,
				BF86673C254B6D3400CEBDC2 /* precincts.json */,
				BFD978F0255F6F68009F9D6B /* NoCityView.swift */,
				BFD978F3255F715A009F9D6B /* CallGuideView.swift */,
			);
			path = "Freind Finder";
			sourceTree = "<group>";
		};
		BF82494E254A64C7000E71C7 /* Organisations */ = {
			isa = PBXGroup;
			children = (
				30715DE5248EEB6F006D2D53 /* OrgDetailView.swift */,
				3076108A2490352000C6F41D /* Organisation.swift */,
				308B89BF248D929300DF34FD /* OrganisationsView.swift */,
				308B89C7248DBB3E00DF34FD /* orginfo.json */,
			);
			path = Organisations;
			sourceTree = "<group>";
		};
		BF824951254A659E000E71C7 /* Bail Legal */ = {
			isa = PBXGroup;
			children = (
				BF824953254A6AAD000E71C7 /* baillegal.json */,
				BF82493F254A5B81000E71C7 /* BailLegalMenuView.swift */,
				BF824942254A5BF4000E71C7 /* BailListView.swift */,
				BF824945254A61AE000E71C7 /* LegalListView.swift */,
				BF824948254A61BF000E71C7 /* BailLegalDetailView.swift */,
				BF824956254A6B28000E71C7 /* BailLegal.swift */,
			);
			path = "Bail Legal";
			sourceTree = "<group>";
		};
		BF824952254A65B6000E71C7 /* Resources */ = {
			isa = PBXGroup;
			children = (
				ED8592E5254947AC00E13FF9 /* ZoeDocumentView.swift */,
				BF9FFD8424986AC500430950 /* SafetyView.swift */,
				308B89C5248D93E900DF34FD /* ResourcesView.swift */,
				BF1C5D2124CB8D30007B34BA /* ImageCarouselView.swift */,
				BF1C5D2324CBDAE8007B34BA /* ZoesView.swift */,
			);
			path = Resources;
			sourceTree = "<group>";
		};
		BF9FFD8624986B8000430950 /* Fonts */ = {
			isa = PBXGroup;
			children = (
				BF9FFD77249807B300430950 /* BantoDemo-Bold.otf */,
				BF9FFD74249807B300430950 /* BantoDemo-ExtraBold.otf */,
				BF9FFD75249807B300430950 /* BantoDemo-ExtraLight.otf */,
				BF9FFD76249807B300430950 /* BantoDemo-Light.otf */,
				BF9FFD79249807B300430950 /* BantoDemo-Medium.otf */,
				BF9FFD78249807B300430950 /* BantoDemo-Regular.otf */,
			);
			path = Fonts;
			sourceTree = "<group>";
		};
		DC0CEA62ADA5A498D0899842 /* Frameworks */ = {
			isa = PBXGroup;
			children = (
				1792E10C0390E7ED5A495325 /* Pods_Pronto.framework */,
			);
			name = Frameworks;
			sourceTree = "<group>";
		};
/* End PBXGroup section */

/* Begin PBXNativeTarget section */
		308B89A7248D8E0E00DF34FD /* Pronto */ = {
			isa = PBXNativeTarget;
			buildConfigurationList = 308B89BC248D8E1000DF34FD /* Build configuration list for PBXNativeTarget "Pronto" */;
			buildPhases = (
				BD836D94285BC70AE8849559 /* [CP] Check Pods Manifest.lock */,
				308B89A4248D8E0E00DF34FD /* Sources */,
				308B89A5248D8E0E00DF34FD /* Frameworks */,
				308B89A6248D8E0E00DF34FD /* Resources */,
				4A3D9C98A823FB3BB30E3598 /* [CP] Embed Pods Frameworks */,
			);
			buildRules = (
			);
			dependencies = (
			);
			name = Pronto;
			productName = blm;
			productReference = 308B89A8248D8E0E00DF34FD /* Pronto! - Community.app */;
			productType = "com.apple.product-type.application";
		};
/* End PBXNativeTarget section */

/* Begin PBXProject section */
		308B89A0248D8E0E00DF34FD /* Project object */ = {
			isa = PBXProject;
			attributes = {
				LastSwiftUpdateCheck = 1150;
				LastUpgradeCheck = 1200;
				ORGANIZATIONNAME = "Paul Hill";
				TargetAttributes = {
					308B89A7248D8E0E00DF34FD = {
						CreatedOnToolsVersion = 11.5;
					};
				};
			};
			buildConfigurationList = 308B89A3248D8E0E00DF34FD /* Build configuration list for PBXProject "Pronto" */;
			compatibilityVersion = "Xcode 9.3";
			developmentRegion = en;
			hasScannedForEncodings = 0;
			knownRegions = (
				en,
				Base,
			);
			mainGroup = 308B899F248D8E0E00DF34FD;
			productRefGroup = 308B89A9248D8E0E00DF34FD /* Products */;
			projectDirPath = "";
			projectRoot = "";
			targets = (
				308B89A7248D8E0E00DF34FD /* Pronto */,
			);
		};
/* End PBXProject section */

/* Begin PBXResourcesBuildPhase section */
		308B89A6248D8E0E00DF34FD /* Resources */ = {
			isa = PBXResourcesBuildPhase;
			buildActionMask = 2147483647;
			files = (
				BF86673D254B6D3400CEBDC2 /* precincts.json in Resources */,
				BF9FFD7F249807B400430950 /* BantoDemo-Medium.otf in Resources */,
				BF9FFD7D249807B400430950 /* BantoDemo-Bold.otf in Resources */,
				BF9FFD7E249807B400430950 /* BantoDemo-Regular.otf in Resources */,
				BF9FFD7C249807B400430950 /* BantoDemo-Light.otf in Resources */,
				30C442222493389600906B02 /* orginfo.json in Resources */,
				BF824954254A6AAD000E71C7 /* baillegal.json in Resources */,
				EDBC48382547D4930095678D /* GoogleService-Info.plist in Resources */,
				308B89B8248D8E1000DF34FD /* LaunchScreen.storyboard in Resources */,
				308B89B5248D8E1000DF34FD /* Preview Assets.xcassets in Resources */,
				BF9FFD7B249807B400430950 /* BantoDemo-ExtraLight.otf in Resources */,
				308B89B2248D8E1000DF34FD /* Assets.xcassets in Resources */,
				BF9FFD7A249807B400430950 /* BantoDemo-ExtraBold.otf in Resources */,
			);
			runOnlyForDeploymentPostprocessing = 0;
		};
/* End PBXResourcesBuildPhase section */

/* Begin PBXShellScriptBuildPhase section */
		4A3D9C98A823FB3BB30E3598 /* [CP] Embed Pods Frameworks */ = {
			isa = PBXShellScriptBuildPhase;
			buildActionMask = 2147483647;
			files = (
			);
			inputFileListPaths = (
				"${PODS_ROOT}/Target Support Files/Pods-Pronto/Pods-Pronto-frameworks-${CONFIGURATION}-input-files.xcfilelist",
			);
			name = "[CP] Embed Pods Frameworks";
			outputFileListPaths = (
				"${PODS_ROOT}/Target Support Files/Pods-Pronto/Pods-Pronto-frameworks-${CONFIGURATION}-output-files.xcfilelist",
			);
			runOnlyForDeploymentPostprocessing = 0;
			shellPath = /bin/sh;
			shellScript = "\"${PODS_ROOT}/Target Support Files/Pods-Pronto/Pods-Pronto-frameworks.sh\"\n";
			showEnvVarsInLog = 0;
		};
		BD836D94285BC70AE8849559 /* [CP] Check Pods Manifest.lock */ = {
			isa = PBXShellScriptBuildPhase;
			buildActionMask = 2147483647;
			files = (
			);
			inputFileListPaths = (
			);
			inputPaths = (
				"${PODS_PODFILE_DIR_PATH}/Podfile.lock",
				"${PODS_ROOT}/Manifest.lock",
			);
			name = "[CP] Check Pods Manifest.lock";
			outputFileListPaths = (
			);
			outputPaths = (
				"$(DERIVED_FILE_DIR)/Pods-Pronto-checkManifestLockResult.txt",
			);
			runOnlyForDeploymentPostprocessing = 0;
			shellPath = /bin/sh;
			shellScript = "diff \"${PODS_PODFILE_DIR_PATH}/Podfile.lock\" \"${PODS_ROOT}/Manifest.lock\" > /dev/null\nif [ $? != 0 ] ; then\n    # print error to STDERR\n    echo \"error: The sandbox is not in sync with the Podfile.lock. Run 'pod install' or update your CocoaPods installation.\" >&2\n    exit 1\nfi\n# This output is used by Xcode 'outputs' to avoid re-running this script phase.\necho \"SUCCESS\" > \"${SCRIPT_OUTPUT_FILE_0}\"\n";
			showEnvVarsInLog = 0;
		};
/* End PBXShellScriptBuildPhase section */

/* Begin PBXSourcesBuildPhase section */
		308B89A4248D8E0E00DF34FD /* Sources */ = {
			isa = PBXSourcesBuildPhase;
			buildActionMask = 2147483647;
			files = (
				BFD633CC254643A000EF904D /* SideBarView.swift in Sources */,
				ED8592E6254947AC00E13FF9 /* ZoeDocumentView.swift in Sources */,
				BF9FFD8524986AC500430950 /* SafetyView.swift in Sources */,
				BFD978F1255F6F68009F9D6B /* NoCityView.swift in Sources */,
				BF82494C254A6327000E71C7 /* FreindFinderView.swift in Sources */,
				BF5B58C32539346F00A77374 /* MapView.swift in Sources */,
				308B89C2248D92E400DF34FD /* AboutView.swift in Sources */,
				3076108B2490352000C6F41D /* Organisation.swift in Sources */,
				BFD633D52546451000EF904D /* MenuView.swift in Sources */,
				BF5B58C52539346F00A77374 /* MapViewCoordinator.swift in Sources */,
				BF55F9DE249965D5007478FD /* LegalView.swift in Sources */,
				BF82495F254A93E8000E71C7 /* ChangeCityView.swift in Sources */,
				308B89C6248D93E900DF34FD /* ResourcesView.swift in Sources */,
				BF866739254B6CC600CEBDC2 /* PrecinctAnnotation.swift in Sources */,
				308B89AC248D8E0E00DF34FD /* AppDelegate.swift in Sources */,
				BF824946254A61AE000E71C7 /* LegalListView.swift in Sources */,
				BF1C5D2424CBDAE8007B34BA /* ZoesView.swift in Sources */,
				BF9FFD8824986CE700430950 /* Constants.swift in Sources */,
				30715DE6248EEB6F006D2D53 /* OrgDetailView.swift in Sources */,
				BFD978F4255F715A009F9D6B /* CallGuideView.swift in Sources */,
				BF55F9E224996F0D007478FD /* LegalInfo.swift in Sources */,
				308B89C0248D929300DF34FD /* OrganisationsView.swift in Sources */,
				BFCC7308254792B70081F157 /* HomeView.swift in Sources */,
				BF824949254A61BF000E71C7 /* BailLegalDetailView.swift in Sources */,
				308B89AE248D8E0E00DF34FD /* SceneDelegate.swift in Sources */,
				BF824943254A5BF4000E71C7 /* BailListView.swift in Sources */,
				BF1C5D2224CB8D30007B34BA /* ImageCarouselView.swift in Sources */,
				BF824957254A6B28000E71C7 /* BailLegal.swift in Sources */,
				BF5B58B22539333100A77374 /* FreindFinderMapView.swift in Sources */,
				308B89B0248D8E0E00DF34FD /* ContentView.swift in Sources */,
				BF5B58C42539346F00A77374 /* LandmarkAnnotation.swift in Sources */,
				BF824940254A5B81000E71C7 /* BailLegalMenuView.swift in Sources */,
			);
			runOnlyForDeploymentPostprocessing = 0;
		};
/* End PBXSourcesBuildPhase section */

/* Begin PBXVariantGroup section */
		308B89B6248D8E1000DF34FD /* LaunchScreen.storyboard */ = {
			isa = PBXVariantGroup;
			children = (
				308B89B7248D8E1000DF34FD /* Base */,
			);
			name = LaunchScreen.storyboard;
			sourceTree = "<group>";
		};
/* End PBXVariantGroup section */

/* Begin XCBuildConfiguration section */
		308B89BA248D8E1000DF34FD /* Debug */ = {
			isa = XCBuildConfiguration;
			buildSettings = {
				ALWAYS_SEARCH_USER_PATHS = NO;
				CLANG_ANALYZER_NONNULL = YES;
				CLANG_ANALYZER_NUMBER_OBJECT_CONVERSION = YES_AGGRESSIVE;
				CLANG_CXX_LANGUAGE_STANDARD = "gnu++14";
				CLANG_CXX_LIBRARY = "libc++";
				CLANG_ENABLE_MODULES = YES;
				CLANG_ENABLE_OBJC_ARC = YES;
				CLANG_ENABLE_OBJC_WEAK = YES;
				CLANG_WARN_BLOCK_CAPTURE_AUTORELEASING = YES;
				CLANG_WARN_BOOL_CONVERSION = YES;
				CLANG_WARN_COMMA = YES;
				CLANG_WARN_CONSTANT_CONVERSION = YES;
				CLANG_WARN_DEPRECATED_OBJC_IMPLEMENTATIONS = YES;
				CLANG_WARN_DIRECT_OBJC_ISA_USAGE = YES_ERROR;
				CLANG_WARN_DOCUMENTATION_COMMENTS = YES;
				CLANG_WARN_EMPTY_BODY = YES;
				CLANG_WARN_ENUM_CONVERSION = YES;
				CLANG_WARN_INFINITE_RECURSION = YES;
				CLANG_WARN_INT_CONVERSION = YES;
				CLANG_WARN_NON_LITERAL_NULL_CONVERSION = YES;
				CLANG_WARN_OBJC_IMPLICIT_RETAIN_SELF = YES;
				CLANG_WARN_OBJC_LITERAL_CONVERSION = YES;
				CLANG_WARN_OBJC_ROOT_CLASS = YES_ERROR;
				CLANG_WARN_QUOTED_INCLUDE_IN_FRAMEWORK_HEADER = YES;
				CLANG_WARN_RANGE_LOOP_ANALYSIS = YES;
				CLANG_WARN_STRICT_PROTOTYPES = YES;
				CLANG_WARN_SUSPICIOUS_MOVE = YES;
				CLANG_WARN_UNGUARDED_AVAILABILITY = YES_AGGRESSIVE;
				CLANG_WARN_UNREACHABLE_CODE = YES;
				CLANG_WARN__DUPLICATE_METHOD_MATCH = YES;
				COPY_PHASE_STRIP = NO;
				DEBUG_INFORMATION_FORMAT = dwarf;
				ENABLE_STRICT_OBJC_MSGSEND = YES;
				ENABLE_TESTABILITY = YES;
				GCC_C_LANGUAGE_STANDARD = gnu11;
				GCC_DYNAMIC_NO_PIC = NO;
				GCC_NO_COMMON_BLOCKS = YES;
				GCC_OPTIMIZATION_LEVEL = 0;
				GCC_PREPROCESSOR_DEFINITIONS = (
					"DEBUG=1",
					"$(inherited)",
				);
				GCC_WARN_64_TO_32_BIT_CONVERSION = YES;
				GCC_WARN_ABOUT_RETURN_TYPE = YES_ERROR;
				GCC_WARN_UNDECLARED_SELECTOR = YES;
				GCC_WARN_UNINITIALIZED_AUTOS = YES_AGGRESSIVE;
				GCC_WARN_UNUSED_FUNCTION = YES;
				GCC_WARN_UNUSED_VARIABLE = YES;
				IPHONEOS_DEPLOYMENT_TARGET = 13.5;
				MTL_ENABLE_DEBUG_INFO = INCLUDE_SOURCE;
				MTL_FAST_MATH = YES;
				ONLY_ACTIVE_ARCH = YES;
				SDKROOT = iphoneos;
				SWIFT_ACTIVE_COMPILATION_CONDITIONS = DEBUG;
				SWIFT_OPTIMIZATION_LEVEL = "-Onone";
			};
			name = Debug;
		};
		308B89BB248D8E1000DF34FD /* Release */ = {
			isa = XCBuildConfiguration;
			buildSettings = {
				ALWAYS_SEARCH_USER_PATHS = NO;
				CLANG_ANALYZER_NONNULL = YES;
				CLANG_ANALYZER_NUMBER_OBJECT_CONVERSION = YES_AGGRESSIVE;
				CLANG_CXX_LANGUAGE_STANDARD = "gnu++14";
				CLANG_CXX_LIBRARY = "libc++";
				CLANG_ENABLE_MODULES = YES;
				CLANG_ENABLE_OBJC_ARC = YES;
				CLANG_ENABLE_OBJC_WEAK = YES;
				CLANG_WARN_BLOCK_CAPTURE_AUTORELEASING = YES;
				CLANG_WARN_BOOL_CONVERSION = YES;
				CLANG_WARN_COMMA = YES;
				CLANG_WARN_CONSTANT_CONVERSION = YES;
				CLANG_WARN_DEPRECATED_OBJC_IMPLEMENTATIONS = YES;
				CLANG_WARN_DIRECT_OBJC_ISA_USAGE = YES_ERROR;
				CLANG_WARN_DOCUMENTATION_COMMENTS = YES;
				CLANG_WARN_EMPTY_BODY = YES;
				CLANG_WARN_ENUM_CONVERSION = YES;
				CLANG_WARN_INFINITE_RECURSION = YES;
				CLANG_WARN_INT_CONVERSION = YES;
				CLANG_WARN_NON_LITERAL_NULL_CONVERSION = YES;
				CLANG_WARN_OBJC_IMPLICIT_RETAIN_SELF = YES;
				CLANG_WARN_OBJC_LITERAL_CONVERSION = YES;
				CLANG_WARN_OBJC_ROOT_CLASS = YES_ERROR;
				CLANG_WARN_QUOTED_INCLUDE_IN_FRAMEWORK_HEADER = YES;
				CLANG_WARN_RANGE_LOOP_ANALYSIS = YES;
				CLANG_WARN_STRICT_PROTOTYPES = YES;
				CLANG_WARN_SUSPICIOUS_MOVE = YES;
				CLANG_WARN_UNGUARDED_AVAILABILITY = YES_AGGRESSIVE;
				CLANG_WARN_UNREACHABLE_CODE = YES;
				CLANG_WARN__DUPLICATE_METHOD_MATCH = YES;
				COPY_PHASE_STRIP = NO;
				DEBUG_INFORMATION_FORMAT = "dwarf-with-dsym";
				ENABLE_NS_ASSERTIONS = NO;
				ENABLE_STRICT_OBJC_MSGSEND = YES;
				GCC_C_LANGUAGE_STANDARD = gnu11;
				GCC_NO_COMMON_BLOCKS = YES;
				GCC_WARN_64_TO_32_BIT_CONVERSION = YES;
				GCC_WARN_ABOUT_RETURN_TYPE = YES_ERROR;
				GCC_WARN_UNDECLARED_SELECTOR = YES;
				GCC_WARN_UNINITIALIZED_AUTOS = YES_AGGRESSIVE;
				GCC_WARN_UNUSED_FUNCTION = YES;
				GCC_WARN_UNUSED_VARIABLE = YES;
				IPHONEOS_DEPLOYMENT_TARGET = 13.5;
				MTL_ENABLE_DEBUG_INFO = NO;
				MTL_FAST_MATH = YES;
				SDKROOT = iphoneos;
				SWIFT_COMPILATION_MODE = wholemodule;
				SWIFT_OPTIMIZATION_LEVEL = "-O";
				VALIDATE_PRODUCT = YES;
			};
			name = Release;
		};
		308B89BD248D8E1000DF34FD /* Debug */ = {
			isa = XCBuildConfiguration;
			baseConfigurationReference = 170B422E44157C789A49FB62 /* Pods-Pronto.debug.xcconfig */;
			buildSettings = {
				ASSETCATALOG_COMPILER_APPICON_NAME = AppIcon;
				CODE_SIGN_ENTITLEMENTS = "Pronto! - Community.entitlements";
				CODE_SIGN_STYLE = Automatic;
				CURRENT_PROJECT_VERSION = 2;
				DEVELOPMENT_ASSET_PATHS = "\"blm/Preview Content\"";
				DEVELOPMENT_TEAM = DU629H5X9A;
				ENABLE_PREVIEWS = YES;
				INFOPLIST_FILE = blm/Info.plist;
				IPHONEOS_DEPLOYMENT_TARGET = 13.0;
				LD_RUNPATH_SEARCH_PATHS = (
					"$(inherited)",
					"@executable_path/Frameworks",
				);
				MARKETING_VERSION = 0.85;
				PRODUCT_BUNDLE_IDENTIFIER = "hill-paul";
				PRODUCT_NAME = "Pronto! - Community";
				SWIFT_VERSION = 5.0;
				TARGETED_DEVICE_FAMILY = 1;
			};
			name = Debug;
		};
		308B89BE248D8E1000DF34FD /* Release */ = {
			isa = XCBuildConfiguration;
			baseConfigurationReference = 49A68B7909AAFA48E3A395AD /* Pods-Pronto.release.xcconfig */;
			buildSettings = {
				ASSETCATALOG_COMPILER_APPICON_NAME = AppIcon;
				CODE_SIGN_ENTITLEMENTS = "Pronto! - Community.entitlements";
				CODE_SIGN_STYLE = Automatic;
				CURRENT_PROJECT_VERSION = 2;
				DEVELOPMENT_ASSET_PATHS = "\"blm/Preview Content\"";
				DEVELOPMENT_TEAM = DU629H5X9A;
				ENABLE_PREVIEWS = YES;
				INFOPLIST_FILE = blm/Info.plist;
				IPHONEOS_DEPLOYMENT_TARGET = 13.0;
				LD_RUNPATH_SEARCH_PATHS = (
					"$(inherited)",
					"@executable_path/Frameworks",
				);
				MARKETING_VERSION = 0.85;
				PRODUCT_BUNDLE_IDENTIFIER = "hill-paul";
				PRODUCT_NAME = "Pronto! - Community";
				SWIFT_VERSION = 5.0;
				TARGETED_DEVICE_FAMILY = 1;
			};
			name = Release;
		};
/* End XCBuildConfiguration section */

/* Begin XCConfigurationList section */
		308B89A3248D8E0E00DF34FD /* Build configuration list for PBXProject "Pronto" */ = {
			isa = XCConfigurationList;
			buildConfigurations = (
				308B89BA248D8E1000DF34FD /* Debug */,
				308B89BB248D8E1000DF34FD /* Release */,
			);
			defaultConfigurationIsVisible = 0;
			defaultConfigurationName = Release;
		};
		308B89BC248D8E1000DF34FD /* Build configuration list for PBXNativeTarget "Pronto" */ = {
			isa = XCConfigurationList;
			buildConfigurations = (
				308B89BD248D8E1000DF34FD /* Debug */,
				308B89BE248D8E1000DF34FD /* Release */,
			);
			defaultConfigurationIsVisible = 0;
			defaultConfigurationName = Release;
		};
/* End XCConfigurationList section */
	};
	rootObject = 308B89A0248D8E0E00DF34FD /* Project object */;
}
